# This file is autogenerated, do not edit; changes may be undone by the next 'dep ensure'.


[[projects]]
  branch = "master"
  digest = "1:0aa6c5438d946e60b5ce36ea9062619b0df6a106277ab6a7a7a1750dd21f39e0"
  name = "github.com/pa-m/optimize"
  packages = ["."]
  pruneopts = "UT"
  revision = "dcdd23bc5c038ad062c06d330b8e5b47b514ebde"

[[projects]]
  branch = "master"
  digest = "1:f34ed95e69fe58d16a1709360fb385c096b472487facf0cfe2100a8f526b13fa"
  name = "github.com/pa-m/randomkit"
  packages = ["."]
  pruneopts = "UT"
  revision = "6c5b27c2cfc62e4c98730c830d7eb9ff28088d3b"

[[projects]]
  branch = "master"
  digest = "1:dba3c88b3048dc7b2e14470d1f4d589e43e62608952a914240286e191296675d"
  name = "github.com/pa-m/sklearn"
  packages = [
    "base",
    "cluster",
    "metrics",
    "neighbors",
    "preprocessing",
  ]
  pruneopts = "UT"
  revision = "a5aa6a3295fe5898f4dc4ee2ff9043cb95494323"

[[projects]]
  digest = "1:cb3a373b10467ca2572e92eb1e262a72e2d1bc8de2a6af807d7c06f6157d1e7d"
  name = "github.com/smira/go-point-clustering"
  packages = ["."]
  pruneopts = "UT"
  revision = "1919ec2c1b036732ea356f392a1d3575764270cf"
  version = "v1.0.1"

[[projects]]
  digest = "1:c4582fff9c06e0e8ffc466888220916ed09f952d58159935c42a5c3c9678de44"
  name = "github.com/willf/bitset"
  packages = ["."]
  pruneopts = "UT"
  revision = "1a23564490ef5fc52964bb5d38d0e807e6c4e9db"
  version = "v1.1.10"

[[projects]]
  branch = "master"
  digest = "1:9484267e1687ef33dc3792edd255c8bed6ba8a8bc64e61dca1458a70729ccda3"
  name = "golang.org/x/exp"
  packages = ["rand"]
  pruneopts = "UT"
  revision = "6cc2880d07d65fc535a1fb4fbd58b397bc1c5312"

[[projects]]
  branch = "master"
  digest = "1:6bb2e1cbcf253307a88a531a75aa4d38fecb8d56a0dc9e837e288fe3189954f6"
  name = "golang.org/x/tools"
  packages = ["container/intsets"]
  pruneopts = "UT"
  revision = "802aba503e1592bee2a3574c26af0bbdfc609269"

[[projects]]
  digest = "1:3fba3d4a24414a78a428a846255975e51837ace6ef3cdecaf84a5397ab9e12a1"
  name = "gonum.org/v1/gonum"
  packages = [
    "blas",
    "blas/blas64",
    "blas/cblas128",
    "blas/gonum",
    "floats",
    "internal/asm/c128",
    "internal/asm/c64",
    "internal/asm/f32",
    "internal/asm/f64",
    "internal/cmplx64",
    "internal/math32",
    "lapack",
    "lapack/gonum",
    "lapack/lapack64",
    "mat",
    "mathext",
    "mathext/internal/amos",
    "mathext/internal/cephes",
    "mathext/internal/gonum",
    "optimize",
    "spatial/r1",
    "stat",
    "stat/combin",
    "stat/distmv",
    "stat/distuv",
  ]
  pruneopts = "UT"
  revision = "402b1e2868774b0eee0ec7c85bb9a7b36cf650ae"
  version = "v0.6.2"

[solve-meta]
  analyzer-name = "dep"
  analyzer-version = 1
  input-imports = [
    "github.com/pa-m/sklearn/cluster",
    "github.com/pa-m/sklearn/preprocessing",
    "github.com/smira/go-point-clustering",
    "gonum.org/v1/gonum/mat",
  ]
  solver-name = "gps-cdcl"
  solver-version = 1
